
Microsoft Visual Studio Solution File, Format Version 12.00
# Visual Studio Version 17
VisualStudioVersion = 17.1.32228.430
MinimumVisualStudioVersion = 10.0.40219.1
Project("{FAE04EC0-301F-11D3-BF4B-00C04F79EFBC}") = "OceanNavigation", "OceanNavigation.csproj", "{C0F0D95B-B7EA-4FF6-89A3-2E3EC213E2BA}"
EndProject
Global
	GlobalSection(SolutionConfigurationPlatforms) = preSolution
		Debug|Any CPU = Debug|Any CPU
		Release|Any CPU = Release|Any CPU
	EndGlobalSection
	GlobalSection(ProjectConfigurationPlatforms) = postSolution
		{C0F0D95B-B7EA-4FF6-89A3-2E3EC213E2BA}.Debug|Any CPU.ActiveCfg = Debug|Any CPU
		{C0F0D95B-B7EA-4FF6-89A3-2E3EC213E2BA}.Debug|Any CPU.Build.0 = Debug|Any CPU
		{C0F0D95B-B7EA-4FF6-89A3-2E3EC213E2BA}.Release|Any CPU.ActiveCfg = Release|Any CPU
		{C0F0D95B-B7EA-4FF6-89A3-2E3EC213E2BA}.Release|Any CPU.Build.0 = Release|Any CPU
	EndGlobalSection
	GlobalSection(SolutionProperties) = preSolution
		HideSolutionNode = FALSE
	EndGlobalSection
	GlobalSection(ExtensibilityGlobals) = postSolution
		SolutionGuid = {47D714B9-0358-4D66-88DB-742BECFAF29F}
	EndGlobalSection
EndGlobal
